// !$*UTF8*$!
{
	archiveVersion = 1;
	classes = {
	};
	objectVersion = 48;
	objects = {

/* Begin PBXBuildFile section */
		CD53CBCC1FA36A17008190F2 /* AppDelegate.swift in Sources */ = {isa = PBXBuildFile; fileRef = CD53CBCB1FA36A17008190F2 /* AppDelegate.swift */; };
		CD53CBCE1FA36A17008190F2 /* ViewController.swift in Sources */ = {isa = PBXBuildFile; fileRef = CD53CBCD1FA36A17008190F2 /* ViewController.swift */; };
		CD53CBD11FA36A17008190F2 /* Main.storyboard in Resources */ = {isa = PBXBuildFile; fileRef = CD53CBCF1FA36A17008190F2 /* Main.storyboard */; };
		CD53CBD31FA36A17008190F2 /* Assets.xcassets in Resources */ = {isa = PBXBuildFile; fileRef = CD53CBD21FA36A17008190F2 /* Assets.xcassets */; };
		CD53CBD61FA36A17008190F2 /* LaunchScreen.storyboard in Resources */ = {isa = PBXBuildFile; fileRef = CD53CBD41FA36A17008190F2 /* LaunchScreen.storyboard */; };
		CD53CBE71FA36BB8008190F2 /* MyUtil.mm in Sources */ = {isa = PBXBuildFile; fileRef = CD53CBE51FA36BB8008190F2 /* MyUtil.mm */; };
/* End PBXBuildFile section */

/* Begin PBXFileReference section */
		CD53CBC81FA36A17008190F2 /* FirstOpenCV.app */ = {isa = PBXFileReference; explicitFileType = wrapper.application; includeInIndex = 0; path = FirstOpenCV.app; sourceTree = BUILT_PRODUCTS_DIR; };
		CD53CBCB1FA36A17008190F2 /* AppDelegate.swift */ = {isa = PBXFileReference; lastKnownFileType = sourcecode.swift; path = AppDelegate.swift; sourceTree = "<group>"; };
		CD53CBCD1FA36A17008190F2 /* ViewController.swift */ = {isa = PBXFileReference; lastKnownFileType = sourcecode.swift; path = ViewController.swift; sourceTree = "<group>"; };
		CD53CBD01FA36A17008190F2 /* Base */ = {isa = PBXFileReference; lastKnownFileType = file.storyboard; name = Base; path = Base.lproj/Main.storyboard; sourceTree = "<group>"; };
		CD53CBD21FA36A17008190F2 /* Assets.xcassets */ = {isa = PBXFileReference; lastKnownFileType = folder.assetcatalog; path = Assets.xcassets; sourceTree = "<group>"; };
		CD53CBD51FA36A17008190F2 /* Base */ = {isa = PBXFileReference; lastKnownFileType = file.storyboard; name = Base; path = Base.lproj/LaunchScreen.storyboard; sourceTree = "<group>"; };
		CD53CBD71FA36A17008190F2 /* Info.plist */ = {isa = PBXFileReference; lastKnownFileType = text.plist.xml; path = Info.plist; sourceTree = "<group>"; };
		CD53CBDD1FA36A3D008190F2 /* FirstOpenCV-Bridging-Header.h */ = {isa = PBXFileReference; lastKnownFileType = sourcecode.c.h; path = "FirstOpenCV-Bridging-Header.h"; sourceTree = "<group>"; };
		CD53CBE51FA36BB8008190F2 /* MyUtil.mm */ = {isa = PBXFileReference; lastKnownFileType = sourcecode.cpp.objcpp; path = MyUtil.mm; sourceTree = "<group>"; };
		CD53CBE61FA36BB8008190F2 /* MyUtil.h */ = {isa = PBXFileReference; lastKnownFileType = sourcecode.c.h; path = MyUtil.h; sourceTree = "<group>"; };
/* End PBXFileReference section */

/* Begin PBXFrameworksBuildPhase section */
		CD53CBC51FA36A17008190F2 /* Frameworks */ = {
			isa = PBXFrameworksBuildPhase;
			buildActionMask = 2147483647;
			files = (
			);
			runOnlyForDeploymentPostprocessing = 0;
		};
/* End PBXFrameworksBuildPhase section */

/* Begin PBXGroup section */
		CD53CBBF1FA36A17008190F2 = {
			isa = PBXGroup;
			children = (
				CD53CBCA1FA36A17008190F2 /* FirstOpenCV */,
				CD53CBC91FA36A17008190F2 /* Products */,
			);
			sourceTree = "<group>";
		};
		CD53CBC91FA36A17008190F2 /* Products */ = {
			isa = PBXGroup;
			children = (
				CD53CBC81FA36A17008190F2 /* FirstOpenCV.app */,
			);
			name = Products;
			sourceTree = "<group>";
		};
		CD53CBCA1FA36A17008190F2 /* FirstOpenCV */ = {
			isa = PBXGroup;
			children = (
				CD53CBCB1FA36A17008190F2 /* AppDelegate.swift */,
				CD53CBCD1FA36A17008190F2 /* ViewController.swift */,
				CD53CBCF1FA36A17008190F2 /* Main.storyboard */,
				CD53CBD21FA36A17008190F2 /* Assets.xcassets */,
				CD53CBD41FA36A17008190F2 /* LaunchScreen.storyboard */,
				CD53CBD71FA36A17008190F2 /* Info.plist */,
				CD53CBE81FA36C71008190F2 /* SDK */,
				CD53CBE11FA36A4F008190F2 /* Util */,
				CD53CBDD1FA36A3D008190F2 /* FirstOpenCV-Bridging-Header.h */,
			);
			path = FirstOpenCV;
			sourceTree = "<group>";
		};
		CD53CBE11FA36A4F008190F2 /* Util */ = {
			isa = PBXGroup;
			children = (
				CD53CBE61FA36BB8008190F2 /* MyUtil.h */,
				CD53CBE51FA36BB8008190F2 /* MyUtil.mm */,
			);
			path = Util;
			sourceTree = "<group>";
		};
		CD53CBE81FA36C71008190F2 /* SDK */ = {
			isa = PBXGroup;
			children = (
			);
			path = SDK;
			sourceTree = "<group>";
		};
/* End PBXGroup section */

/* Begin PBXNativeTarget section */
		CD53CBC71FA36A17008190F2 /* FirstOpenCV */ = {
			isa = PBXNativeTarget;
			buildConfigurationList = CD53CBDA1FA36A17008190F2 /* Build configuration list for PBXNativeTarget "FirstOpenCV" */;
			buildPhases = (
				CD53CBC41FA36A17008190F2 /* Sources */,
				CD53CBC51FA36A17008190F2 /* Frameworks */,
				CD53CBC61FA36A17008190F2 /* Resources */,
			);
			buildRules = (
			);
			dependencies = (
			);
			name = FirstOpenCV;
			productName = FirstOpenCV;
			productReference = CD53CBC81FA36A17008190F2 /* FirstOpenCV.app */;
			productType = "com.apple.product-type.application";
		};
/* End PBXNativeTarget section */

/* Begin PBXProject section */
		CD53CBC01FA36A17008190F2 /* Project object */ = {
			isa = PBXProject;
			attributes = {
				LastSwiftUpdateCheck = 0900;
				LastUpgradeCheck = 0900;
				ORGANIZATIONNAME = fengqiangboy;
				TargetAttributes = {
					CD53CBC71FA36A17008190F2 = {
						CreatedOnToolsVersion = 9.0;
						LastSwiftMigration = 0900;
						ProvisioningStyle = Automatic;
					};
				};
			};
			buildConfigurationList = CD53CBC31FA36A17008190F2 /* Build configuration list for PBXProject "FirstOpenCV" */;
			compatibilityVersion = "Xcode 8.0";
			developmentRegion = en;
			hasScannedForEncodings = 0;
			knownRegions = (
				en,
				Base,
			);
			mainGroup = CD53CBBF1FA36A17008190F2;
			productRefGroup = CD53CBC91FA36A17008190F2 /* Products */;
			projectDirPath = "";
			projectRoot = "";
			targets = (
				CD53CBC71FA36A17008190F2 /* FirstOpenCV */,
			);
		};
/* End PBXProject section */

/* Begin PBXResourcesBuildPhase section */
		CD53CBC61FA36A17008190F2 /* Resources */ = {
			isa = PBXResourcesBuildPhase;
			buildActionMask = 2147483647;
			files = (
				CD53CBD61FA36A17008190F2 /* LaunchScreen.storyboard in Resources */,
				CD53CBD31FA36A17008190F2 /* Assets.xcassets in Resources */,
				CD53CBD11FA36A17008190F2 /* Main.storyboard in Resources */,
			);
			runOnlyForDeploymentPostprocessing = 0;
		};
/* End PBXResourcesBuildPhase section */

/* Begin PBXSourcesBuildPhase section */
		CD53CBC41FA36A17008190F2 /* Sources */ = {
			isa = PBXSourcesBuildPhase;
			buildActionMask = 2147483647;
			files = (
				CD53CBCE1FA36A17008190F2 /* ViewController.swift in Sources */,
				CD53CBE71FA36BB8008190F2 /* MyUtil.mm in Sources */,
				CD53CBCC1FA36A17008190F2 /* AppDelegate.swift in Sources */,
			);
			runOnlyForDeploymentPostprocessing = 0;
		};
/* End PBXSourcesBuildPhase section */

/* Begin PBXVariantGroup section */
		CD53CBCF1FA36A17008190F2 /* Main.storyboard */ = {
			isa = PBXVariantGroup;
			children = (
				CD53CBD01FA36A17008190F2 /* Base */,
			);
			name = Main.storyboard;
			sourceTree = "<group>";
		};
		CD53CBD41FA36A17008190F2 /* LaunchScreen.storyboard */ = {
			isa = PBXVariantGroup;
			children = (
				CD53CBD51FA36A17008190F2 /* Base */,
			);
			name = LaunchScreen.storyboard;
			sourceTree = "<group>";
		};
/* End PBXVariantGroup section */

/* Begin XCBuildConfiguration section */
		CD53CBD81FA36A17008190F2 /* Debug */ = {
			isa = XCBuildConfiguration;
			buildSettings = {
				ALWAYS_SEARCH_USER_PATHS = NO;
				CLANG_ANALYZER_NONNULL = YES;
				CLANG_ANALYZER_NUMBER_OBJECT_CONVERSION = YES_AGGRESSIVE;
				CLANG_CXX_LANGUAGE_STANDARD = "gnu++14";
				CLANG_CXX_LIBRARY = "libc++";
				CLANG_ENABLE_MODULES = YES;
				CLANG_ENABLE_OBJC_ARC = YES;
				CLANG_WARN_BLOCK_CAPTURE_AUTORELEASING = YES;
				CLANG_WARN_BOOL_CONVERSION = YES;
				CLANG_WARN_COMMA = YES;
				CLANG_WARN_CONSTANT_CONVERSION = YES;
				CLANG_WARN_DIRECT_OBJC_ISA_USAGE = YES_ERROR;
				CLANG_WARN_DOCUMENTATION_COMMENTS = YES;
				CLANG_WARN_EMPTY_BODY = YES;
				CLANG_WARN_ENUM_CONVERSION = YES;
				CLANG_WARN_INFINITE_RECURSION = YES;
				CLANG_WARN_INT_CONVERSION = YES;
				CLANG_WARN_NON_LITERAL_NULL_CONVERSION = YES;
				CLANG_WARN_OBJC_LITERAL_CONVERSION = YES;
				CLANG_WARN_OBJC_ROOT_CLASS = YES_ERROR;
				CLANG_WARN_RANGE_LOOP_ANALYSIS = YES;
				CLANG_WARN_STRICT_PROTOTYPES = YES;
				CLANG_WARN_SUSPICIOUS_MOVE = YES;
				CLANG_WARN_UNGUARDED_AVAILABILITY = YES_AGGRESSIVE;
				CLANG_WARN_UNREACHABLE_CODE = YES;
				CLANG_WARN__DUPLICATE_METHOD_MATCH = YES;
				CODE_SIGN_IDENTITY = "iPhone Developer";
				COPY_PHASE_STRIP = NO;
				DEBUG_INFORMATION_FORMAT = dwarf;
				ENABLE_STRICT_OBJC_MSGSEND = YES;
				ENABLE_TESTABILITY = YES;
				GCC_C_LANGUAGE_STANDARD = gnu11;
				GCC_DYNAMIC_NO_PIC = NO;
				GCC_NO_COMMON_BLOCKS = YES;
				GCC_OPTIMIZATION_LEVEL = 0;
				GCC_PREPROCESSOR_DEFINITIONS = (
					"DEBUG=1",
					"$(inherited)",
				);
				GCC_WARN_64_TO_32_BIT_CONVERSION = YES;
				GCC_WARN_ABOUT_RETURN_TYPE = YES_ERROR;
				GCC_WARN_UNDECLARED_SELECTOR = YES;
				GCC_WARN_UNINITIALIZED_AUTOS = YES_AGGRESSIVE;
				GCC_WARN_UNUSED_FUNCTION = YES;
				GCC_WARN_UNUSED_VARIABLE = YES;
				IPHONEOS_DEPLOYMENT_TARGET = 11.0;
				MTL_ENABLE_DEBUG_INFO = YES;
				ONLY_ACTIVE_ARCH = YES;
				SDKROOT = iphoneos;
				SWIFT_ACTIVE_COMPILATION_CONDITIONS = DEBUG;
				SWIFT_OPTIMIZATION_LEVEL = "-Onone";
			};
			name = Debug;
		};
		CD53CBD91FA36A17008190F2 /* Release */ = {
			isa = XCBuildConfiguration;
			buildSettings = {
				ALWAYS_SEARCH_USER_PATHS = NO;
				CLANG_ANALYZER_NONNULL = YES;
				CLANG_ANALYZER_NUMBER_OBJECT_CONVERSION = YES_AGGRESSIVE;
				CLANG_CXX_LANGUAGE_STANDARD = "gnu++14";
				CLANG_CXX_LIBRARY = "libc++";
				CLANG_ENABLE_MODULES = YES;
				CLANG_ENABLE_OBJC_ARC = YES;
				CLANG_WARN_BLOCK_CAPTURE_AUTORELEASING = YES;
				CLANG_WARN_BOOL_CONVERSION = YES;
				CLANG_WARN_COMMA = YES;
				CLANG_WARN_CONSTANT_CONVERSION = YES;
				CLANG_WARN_DIRECT_OBJC_ISA_USAGE = YES_ERROR;
				CLANG_WARN_DOCUMENTATION_COMMENTS = YES;
				CLANG_WARN_EMPTY_BODY = YES;
				CLANG_WARN_ENUM_CONVERSION = YES;
				CLANG_WARN_INFINITE_RECURSION = YES;
				CLANG_WARN_INT_CONVERSION = YES;
				CLANG_WARN_NON_LITERAL_NULL_CONVERSION = YES;
				CLANG_WARN_OBJC_LITERAL_CONVERSION = YES;
				CLANG_WARN_OBJC_ROOT_CLASS = YES_ERROR;
				CLANG_WARN_RANGE_LOOP_ANALYSIS = YES;
				CLANG_WARN_STRICT_PROTOTYPES = YES;
				CLANG_WARN_SUSPICIOUS_MOVE = YES;
				CLANG_WARN_UNGUARDED_AVAILABILITY = YES_AGGRESSIVE;
				CLANG_WARN_UNREACHABLE_CODE = YES;
				CLANG_WARN__DUPLICATE_METHOD_MATCH = YES;
				CODE_SIGN_IDENTITY = "iPhone Developer";
				COPY_PHASE_STRIP = NO;
				DEBUG_INFORMATION_FORMAT = "dwarf-with-dsym";
				ENABLE_NS_ASSERTIONS = NO;
				ENABLE_STRICT_OBJC_MSGSEND = YES;
				GCC_C_LANGUAGE_STANDARD = gnu11;
				GCC_NO_COMMON_BLOCKS = YES;
				GCC_WARN_64_TO_32_BIT_CONVERSION = YES;
				GCC_WARN_ABOUT_RETURN_TYPE = YES_ERROR;
				GCC_WARN_UNDECLARED_SELECTOR = YES;
				GCC_WARN_UNINITIALIZED_AUTOS = YES_AGGRESSIVE;
				GCC_WARN_UNUSED_FUNCTION = YES;
				GCC_WARN_UNUSED_VARIABLE = YES;
				IPHONEOS_DEPLOYMENT_TARGET = 11.0;
				MTL_ENABLE_DEBUG_INFO = NO;
				SDKROOT = iphoneos;
				SWIFT_OPTIMIZATION_LEVEL = "-Owholemodule";
				VALIDATE_PRODUCT = YES;
			};
			name = Release;
		};
		CD53CBDB1FA36A17008190F2 /* Debug */ = {
			isa = XCBuildConfiguration;
			buildSettings = {
				ASSETCATALOG_COMPILER_APPICON_NAME = AppIcon;
				CLANG_ENABLE_MODULES = YES;
				CODE_SIGN_STYLE = Automatic;
				FRAMEWORK_SEARCH_PATHS = (
					"$(inherited)",
					"$(PROJECT_DIR)/FirstOpenCV/SDK",
				);
				INFOPLIST_FILE = FirstOpenCV/Info.plist;
				LD_RUNPATH_SEARCH_PATHS = "$(inherited) @executable_path/Frameworks";
				PRODUCT_BUNDLE_IDENTIFIER = com.fengqiangboy.FirstOpenCV;
				PRODUCT_NAME = "$(TARGET_NAME)";
				SWIFT_OBJC_BRIDGING_HEADER = "FirstOpenCV/FirstOpenCV-Bridging-Header.h";
				SWIFT_OPTIMIZATION_LEVEL = "-Onone";
				SWIFT_VERSION = 4.0;
				TARGETED_DEVICE_FAMILY = "1,2";
			};
			name = Debug;
		};
		CD53CBDC1FA36A17008190F2 /* Release */ = {
			isa = XCBuildConfiguration;
			buildSettings = {
				ASSETCATALOG_COMPILER_APPICON_NAME = AppIcon;
				CLANG_ENABLE_MODULES = YES;
				CODE_SIGN_STYLE = Automatic;
				FRAMEWORK_SEARCH_PATHS = (
					"$(inherited)",
					"$(PROJECT_DIR)/FirstOpenCV/SDK",
				);
				INFOPLIST_FILE = FirstOpenCV/Info.plist;
				LD_RUNPATH_SEARCH_PATHS = "$(inherited) @executable_path/Frameworks";
				PRODUCT_BUNDLE_IDENTIFIER = com.fengqiangboy.FirstOpenCV;
				PRODUCT_NAME = "$(TARGET_NAME)";
				SWIFT_OBJC_BRIDGING_HEADER = "FirstOpenCV/FirstOpenCV-Bridging-Header.h";
				SWIFT_VERSION = 4.0;
				TARGETED_DEVICE_FAMILY = "1,2";
			};
			name = Release;
		};
/* End XCBuildConfiguration section */

/* Begin XCConfigurationList section */
		CD53CBC31FA36A17008190F2 /* Build configuration list for PBXProject "FirstOpenCV" */ = {
			isa = XCConfigurationList;
			buildConfigurations = (
				CD53CBD81FA36A17008190F2 /* Debug */,
				CD53CBD91FA36A17008190F2 /* Release */,
			);
			defaultConfigurationIsVisible = 0;
			defaultConfigurationName = Release;
		};
		CD53CBDA1FA36A17008190F2 /* Build configuration list for PBXNativeTarget "FirstOpenCV" */ = {
			isa = XCConfigurationList;
			buildConfigurations = (
				CD53CBDB1FA36A17008190F2 /* Debug */,
				CD53CBDC1FA36A17008190F2 /* Release */,
			);
			defaultConfigurationIsVisible = 0;
			defaultConfigurationName = Release;
		};
/* End XCConfigurationList section */
	};
	rootObject = CD53CBC01FA36A17008190F2 /* Project object */;
}
